<?xml version="1.0" encoding="utf-8"?>
<Project ToolsVersion="4.0" xmlns="http://schemas.microsoft.com/developer/msbuild/2003">
  <ItemGroup>
    <Filter Include="Source Files">
      <UniqueIdentifier>{4FC737F1-C7A5-4376-A066-2A32D752A2FF}</UniqueIdentifier>
      <Extensions>cpp;c;cc;cxx;def;odl;idl;hpj;bat;asm;asmx</Extensions>
    </Filter>
    <Filter Include="Header Files">
      <UniqueIdentifier>{93995380-89BD-4b04-88EB-625FBE52EBFB}</UniqueIdentifier>
      <Extensions>h;hpp;hxx;hm;inl;inc;xsd</Extensions>
    </Filter>
    <Filter Include="Header Files\class">
      <UniqueIdentifier>{2778fc3a-99db-457c-9ef4-65c397c3838d}</UniqueIdentifier>
    </Filter>
    <Filter Include="Header Files\util">
      <UniqueIdentifier>{6dee0607-b60a-434c-8600-8eb55418aaba}</UniqueIdentifier>
    </Filter>
    <Filter Include="Resource Files">
      <UniqueIdentifier>{67DA6AB6-F800-4c08-8B7A-83BB121AAD01}</UniqueIdentifier>
      <Extensions>rc;ico;cur;bmp;dlg;rc2;rct;bin;rgs;gif;jpg;jpeg;jpe;resx;tiff;tif;png;wav</Extensions>
    </Filter>
    <Filter Include="Header Files\service">
      <UniqueIdentifier>{32fff0cb-0a76-4125-a9e2-abd2df4c3b68}</UniqueIdentifier>
    </Filter>
    <Filter Include="Header Files\util\json">
      <UniqueIdentifier>{79b72521-51f0-4660-aa98-9ec55164d151}</UniqueIdentifier>
    </Filter>
  </ItemGroup>
  <ItemGroup>
    <ClCompile Include="gb.cpp">
      <Filter>Source Files</Filter>
    </ClCompile>
    <ClCompile Include="SerialPort.cpp">
      <Filter>Source Files</Filter>
    </ClCompile>
    <ClCompile Include="stdafx.cpp">
      <Filter>Source Files</Filter>
    </ClCompile>
    <ClCompile Include="MD5.cpp">
      <Filter>Source Files</Filter>
    </ClCompile>
    <ClCompile Include="HttpUtils.cpp">
      <Filter>Source Files</Filter>
    </ClCompile>
  </ItemGroup>
  <ItemGroup>
    <ClInclude Include="..\..\..\..\桌面\json\assertions.h">
      <Filter>Header Files</Filter>
    </ClInclude>
    <ClInclude Include="gb.h">
      <Filter>Header Files</Filter>
    </ClInclude>
    <ClInclude Include="Resource.h">
      <Filter>Header Files</Filter>
    </ClInclude>
    <ClInclude Include="resource1.h">
      <Filter>Header Files</Filter>
    </ClInclude>
    <ClInclude Include="stdafx.h">
      <Filter>Header Files</Filter>
    </ClInclude>
    <ClInclude Include="targetver.h">
      <Filter>Header Files</Filter>
    </ClInclude>
    <ClInclude Include="..\..\..\..\桌面\json\version.h">
      <Filter>Header Files</Filter>
    </ClInclude>
    <ClInclude Include="SerialPort.h">
      <Filter>Header Files\util</Filter>
    </ClInclude>
    <ClInclude Include="DBUtils.h">
      <Filter>Header Files\util</Filter>
    </ClInclude>
    <ClInclude Include="MD5.h">
      <Filter>Header Files\util</Filter>
    </ClInclude>
    <ClInclude Include="users.h">
      <Filter>Header Files\class</Filter>
    </ClInclude>
    <ClInclude Include="DateTypeUtils.h">
      <Filter>Header Files\util</Filter>
    </ClInclude>
    <ClInclude Include="StringUtils.h">
      <Filter>Header Files\util</Filter>
    </ClInclude>
    <ClInclude Include="suppliers.h">
      <Filter>Header Files\class</Filter>
    </ClInclude>
    <ClInclude Include="importUpdateLog.h">
      <Filter>Header Files\service</Filter>
    </ClInclude>
    <ClInclude Include="sysconfig.h">
      <Filter>Header Files\util</Filter>
    </ClInclude>
    <ClInclude Include="HttpUtils.h">
      <Filter>Header Files\util</Filter>
    </ClInclude>
    <ClInclude Include="json\autolink.h">
      <Filter>Header Files\util\json</Filter>
    </ClInclude>
    <ClInclude Include="json\config.h">
      <Filter>Header Files\util\json</Filter>
    </ClInclude>
    <ClInclude Include="json\features.h">
      <Filter>Header Files\util\json</Filter>
    </ClInclude>
    <ClInclude Include="json\forwards.h">
      <Filter>Header Files\util\json</Filter>
    </ClInclude>
    <ClInclude Include="json\json.h">
      <Filter>Header Files\util\json</Filter>
    </ClInclude>
    <ClInclude Include="json\reader.h">
      <Filter>Header Files\util\json</Filter>
    </ClInclude>
    <ClInclude Include="json\value.h">
      <Filter>Header Files\util\json</Filter>
    </ClInclude>
    <ClInclude Include="json\writer.h">
      <Filter>Header Files\util\json</Filter>
    </ClInclude>
  </ItemGroup>
  <ItemGroup>
    <None Include="resource.hm">
      <Filter>Header Files</Filter>
    </None>
    <None Include="dibang.mdb">
      <Filter>Resource Files</Filter>
    </None>
  </ItemGroup>
  <ItemGroup>
    <Image Include="gb.ico">
      <Filter>Resource Files</Filter>
    </Image>
    <Image Include="small.ico">
      <Filter>Resource Files</Filter>
    </Image>
    <Image Include="2017logo.png">
      <Filter>Resource Files</Filter>
    </Image>
    <Image Include="2017logosmall.png">
      <Filter>Resource Files</Filter>
    </Image>
    <Image Include="icon1.ico">
      <Filter>Resource Files</Filter>
    </Image>
    <Image Include="png1.png">
      <Filter>Resource Files</Filter>
    </Image>
    <Image Include="C:\Users\Think\Desktop\logo.ico">
      <Filter>Resource Files</Filter>
    </Image>
    <Image Include="logo.ico">
      <Filter>Resource Files</Filter>
    </Image>
  </ItemGroup>
  <ItemGroup>
    <ResourceCompile Include="gb.rc">
      <Filter>Resource Files</Filter>
    </ResourceCompile>
  </ItemGroup>
  <ItemGroup>
    <Text Include="ReadMe.txt" />
  </ItemGroup>
  <ItemGroup>
    <Library Include="..\..\jsoncpp-src-0.5.0\build\vs71\release\lib_json\json_vc71_libmt.lib" />
    <Library Include="..\..\jsoncpp-src-0.5.0\build\vs71\debug\lib_json\json1.lib" />
  </ItemGroup>
</Project>